
Microsoft Visual Studio Solution File, Format Version 12.00
# Visual Studio 15
VisualStudioVersion = 15.0.27004.2002
MinimumVisualStudioVersion = 10.0.40219.1
Project("{FAE04EC0-301F-11D3-BF4B-00C04F79EFBC}") = "WebApplication1", "WebApplication1\WebApplication1.csproj", "{DE5A7030-F6E4-4C20-86F6-95A55BF75B1D}"
EndProject
Global
	GlobalSection(SolutionConfigurationPlatforms) = preSolution
		Debug|Any CPU = Debug|Any CPU
		Release|Any CPU = Release|Any CPU
	EndGlobalSection
	GlobalSection(ProjectConfigurationPlatforms) = postSolution
		{DE5A7030-F6E4-4C20-86F6-95A55BF75B1D}.Debug|Any CPU.ActiveCfg = Debug|Any CPU
		{DE5A7030-F6E4-4C20-86F6-95A55BF75B1D}.Debug|Any CPU.Build.0 = Debug|Any CPU
		{DE5A7030-F6E4-4C20-86F6-95A55BF75B1D}.Release|Any CPU.ActiveCfg = Release|Any CPU
		{DE5A7030-F6E4-4C20-86F6-95A55BF75B1D}.Release|Any CPU.Build.0 = Release|Any CPU
	EndGlobalSection
	GlobalSection(SolutionProperties) = preSolution
		HideSolutionNode = FALSE
	EndGlobalSection
	GlobalSection(ExtensibilityGlobals) = postSolution
		SolutionGuid = {729E4B16-8CFB-451A-8DB6-3B4258FF57B1}
	EndGlobalSection
EndGlobal
